
Microsoft Visual Studio Solution File, Format Version 12.00
# Visual Studio Version 17
VisualStudioVersion = 17.0.31919.166
MinimumVisualStudioVersion = 10.0.40219.1
Project("{2150E333-8FDC-42A3-9474-1A3956D46DE8}") = "Microservices", "Microservices", "{ACA3E222-DC18-482A-B616-0D9D72D24BAF}"
EndProject
Project("{2150E333-8FDC-42A3-9474-1A3956D46DE8}") = "Domain", "Domain", "{CEA09800-D139-41F9-A22C-6BBC39617ACA}"
EndProject
Project("{2150E333-8FDC-42A3-9474-1A3956D46DE8}") = "Infra.Bus", "Infra.Bus", "{8FE00789-1103-46E6-9ABF-D72000E6DD17}"
EndProject
Project("{2150E333-8FDC-42A3-9474-1A3956D46DE8}") = "Infra.IoC", "Infra.IoC", "{E1934BC0-4C7F-4036-A7D5-DB01E348238F}"
EndProject
Project("{2150E333-8FDC-42A3-9474-1A3956D46DE8}") = "Presentation", "Presentation", "{22045428-0E3E-4098-9BA7-1BC99129B2AB}"
EndProject
Project("{9A19103F-16F7-4668-BE54-9A1E7A4F7556}") = "MicroRabbit.Domain.Core", "MicroRabbit.Domain.Core\MicroRabbit.Domain.Core.csproj", "{45A2B7EF-98F3-4637-804A-9EEA38CF0F9C}"
EndProject
Project("{FAE04EC0-301F-11D3-BF4B-00C04F79EFBC}") = "MicroRabbit.Infra.Bus", "MicroRabbit.Infra.Bus\MicroRabbit.Infra.Bus.csproj", "{8AC251B7-6C08-4CEA-BB01-6590A7832EF6}"
EndProject
Project("{FAE04EC0-301F-11D3-BF4B-00C04F79EFBC}") = "MicroRabbit.Ioc", "MicroRabbit.Ioc\MicroRabbit.Ioc.csproj", "{71E206FF-0F5A-445A-846F-EE0CD6DDC385}"
EndProject
Project("{2150E333-8FDC-42A3-9474-1A3956D46DE8}") = "Banking", "Banking", "{DE617AEF-8D9C-407F-AEBE-6E124A9B87AC}"
EndProject
Project("{2150E333-8FDC-42A3-9474-1A3956D46DE8}") = "NewFolder1", "NewFolder1", "{3B5B0D41-708D-472D-BB16-E6713693DC5B}"
EndProject
Project("{2150E333-8FDC-42A3-9474-1A3956D46DE8}") = "Api", "Api", "{DC569F01-94A5-4482-8A70-6B252E50295D}"
EndProject
Project("{2150E333-8FDC-42A3-9474-1A3956D46DE8}") = "Domain", "Domain", "{36AC5AE8-9235-41BD-884E-9781E0E2D210}"
EndProject
Project("{2150E333-8FDC-42A3-9474-1A3956D46DE8}") = "Application", "Application", "{209CEFB0-0645-4AB8-8D5E-CAC6437BF9A9}"
EndProject
Project("{2150E333-8FDC-42A3-9474-1A3956D46DE8}") = "Data", "Data", "{88BD4AA0-C50F-4568-A91D-61C6A1173AD5}"
EndProject
Project("{FAE04EC0-301F-11D3-BF4B-00C04F79EFBC}") = "MicroRabbit.Banking.Api", "MicroRabbit.Banking.Api\MicroRabbit.Banking.Api.csproj", "{0258DC1D-54EC-43FD-992B-EC1AE8032838}"
EndProject
Project("{FAE04EC0-301F-11D3-BF4B-00C04F79EFBC}") = "MicroRabbit.Banking.Application", "MicroRabbit.Banking.Application\MicroRabbit.Banking.Application.csproj", "{26D837FF-96B8-4D58-A92A-16B0AB87D667}"
EndProject
Project("{FAE04EC0-301F-11D3-BF4B-00C04F79EFBC}") = "MicroRabbit.Banking.Data", "MicroRabbit.Banking.Data\MicroRabbit.Banking.Data.csproj", "{F7EADFA4-CB40-4885-BFD2-92FF20D1FEB5}"
EndProject
Project("{FAE04EC0-301F-11D3-BF4B-00C04F79EFBC}") = "MicroRabbit.Banking.Domain", "MicroRabbit.Banking.Domain\MicroRabbit.Banking.Domain.csproj", "{57FC443A-1EC9-457A-A23D-F71E77982B71}"
EndProject
Global
	GlobalSection(SolutionConfigurationPlatforms) = preSolution
		Debug|Any CPU = Debug|Any CPU
		Release|Any CPU = Release|Any CPU
	EndGlobalSection
	GlobalSection(ProjectConfigurationPlatforms) = postSolution
		{45A2B7EF-98F3-4637-804A-9EEA38CF0F9C}.Debug|Any CPU.ActiveCfg = Debug|Any CPU
		{45A2B7EF-98F3-4637-804A-9EEA38CF0F9C}.Debug|Any CPU.Build.0 = Debug|Any CPU
		{45A2B7EF-98F3-4637-804A-9EEA38CF0F9C}.Release|Any CPU.ActiveCfg = Release|Any CPU
		{45A2B7EF-98F3-4637-804A-9EEA38CF0F9C}.Release|Any CPU.Build.0 = Release|Any CPU
		{8AC251B7-6C08-4CEA-BB01-6590A7832EF6}.Debug|Any CPU.ActiveCfg = Debug|Any CPU
		{8AC251B7-6C08-4CEA-BB01-6590A7832EF6}.Debug|Any CPU.Build.0 = Debug|Any CPU
		{8AC251B7-6C08-4CEA-BB01-6590A7832EF6}.Release|Any CPU.ActiveCfg = Release|Any CPU
		{8AC251B7-6C08-4CEA-BB01-6590A7832EF6}.Release|Any CPU.Build.0 = Release|Any CPU
		{71E206FF-0F5A-445A-846F-EE0CD6DDC385}.Debug|Any CPU.ActiveCfg = Debug|Any CPU
		{71E206FF-0F5A-445A-846F-EE0CD6DDC385}.Debug|Any CPU.Build.0 = Debug|Any CPU
		{71E206FF-0F5A-445A-846F-EE0CD6DDC385}.Release|Any CPU.ActiveCfg = Release|Any CPU
		{71E206FF-0F5A-445A-846F-EE0CD6DDC385}.Release|Any CPU.Build.0 = Release|Any CPU
		{0258DC1D-54EC-43FD-992B-EC1AE8032838}.Debug|Any CPU.ActiveCfg = Debug|Any CPU
		{0258DC1D-54EC-43FD-992B-EC1AE8032838}.Debug|Any CPU.Build.0 = Debug|Any CPU
		{0258DC1D-54EC-43FD-992B-EC1AE8032838}.Release|Any CPU.ActiveCfg = Release|Any CPU
		{0258DC1D-54EC-43FD-992B-EC1AE8032838}.Release|Any CPU.Build.0 = Release|Any CPU
		{26D837FF-96B8-4D58-A92A-16B0AB87D667}.Debug|Any CPU.ActiveCfg = Debug|Any CPU
		{26D837FF-96B8-4D58-A92A-16B0AB87D667}.Debug|Any CPU.Build.0 = Debug|Any CPU
		{26D837FF-96B8-4D58-A92A-16B0AB87D667}.Release|Any CPU.ActiveCfg = Release|Any CPU
		{26D837FF-96B8-4D58-A92A-16B0AB87D667}.Release|Any CPU.Build.0 = Release|Any CPU
		{F7EADFA4-CB40-4885-BFD2-92FF20D1FEB5}.Debug|Any CPU.ActiveCfg = Debug|Any CPU
		{F7EADFA4-CB40-4885-BFD2-92FF20D1FEB5}.Debug|Any CPU.Build.0 = Debug|Any CPU
		{F7EADFA4-CB40-4885-BFD2-92FF20D1FEB5}.Release|Any CPU.ActiveCfg = Release|Any CPU
		{F7EADFA4-CB40-4885-BFD2-92FF20D1FEB5}.Release|Any CPU.Build.0 = Release|Any CPU
		{57FC443A-1EC9-457A-A23D-F71E77982B71}.Debug|Any CPU.ActiveCfg = Debug|Any CPU
		{57FC443A-1EC9-457A-A23D-F71E77982B71}.Debug|Any CPU.Build.0 = Debug|Any CPU
		{57FC443A-1EC9-457A-A23D-F71E77982B71}.Release|Any CPU.ActiveCfg = Release|Any CPU
		{57FC443A-1EC9-457A-A23D-F71E77982B71}.Release|Any CPU.Build.0 = Release|Any CPU
	EndGlobalSection
	GlobalSection(SolutionProperties) = preSolution
		HideSolutionNode = FALSE
	EndGlobalSection
	GlobalSection(NestedProjects) = preSolution
		{45A2B7EF-98F3-4637-804A-9EEA38CF0F9C} = {CEA09800-D139-41F9-A22C-6BBC39617ACA}
		{8AC251B7-6C08-4CEA-BB01-6590A7832EF6} = {8FE00789-1103-46E6-9ABF-D72000E6DD17}
		{71E206FF-0F5A-445A-846F-EE0CD6DDC385} = {E1934BC0-4C7F-4036-A7D5-DB01E348238F}
		{DE617AEF-8D9C-407F-AEBE-6E124A9B87AC} = {ACA3E222-DC18-482A-B616-0D9D72D24BAF}
		{3B5B0D41-708D-472D-BB16-E6713693DC5B} = {ACA3E222-DC18-482A-B616-0D9D72D24BAF}
		{DC569F01-94A5-4482-8A70-6B252E50295D} = {DE617AEF-8D9C-407F-AEBE-6E124A9B87AC}
		{36AC5AE8-9235-41BD-884E-9781E0E2D210} = {DE617AEF-8D9C-407F-AEBE-6E124A9B87AC}
		{209CEFB0-0645-4AB8-8D5E-CAC6437BF9A9} = {DE617AEF-8D9C-407F-AEBE-6E124A9B87AC}
		{88BD4AA0-C50F-4568-A91D-61C6A1173AD5} = {DE617AEF-8D9C-407F-AEBE-6E124A9B87AC}
		{0258DC1D-54EC-43FD-992B-EC1AE8032838} = {DC569F01-94A5-4482-8A70-6B252E50295D}
		{26D837FF-96B8-4D58-A92A-16B0AB87D667} = {209CEFB0-0645-4AB8-8D5E-CAC6437BF9A9}
		{F7EADFA4-CB40-4885-BFD2-92FF20D1FEB5} = {88BD4AA0-C50F-4568-A91D-61C6A1173AD5}
		{57FC443A-1EC9-457A-A23D-F71E77982B71} = {36AC5AE8-9235-41BD-884E-9781E0E2D210}
	EndGlobalSection
	GlobalSection(ExtensibilityGlobals) = postSolution
		SolutionGuid = {A1A51760-95B4-4622-B9A8-1F58F55576FB}
	EndGlobalSection
EndGlobal
